
Microsoft Visual Studio Solution File, Format Version 12.00
# Visual Studio Version 17
VisualStudioVersion = 17.0.31903.59
MinimumVisualStudioVersion = 10.0.40219.1
Project("{FAE04EC0-301F-11D3-BF4B-00C04F79EFBC}") = "BlazorCrudDemo.Data", "BlazorCrudDemo.Data\BlazorCrudDemo.Data.csproj", "{F842BB45-BBF3-4E10-84B6-648C60EEFE5F}"
EndProject
Project("{FAE04EC0-301F-11D3-BF4B-00C04F79EFBC}") = "BlazorCrudDemo.Shared", "BlazorCrudDemo.Shared\BlazorCrudDemo.Shared.csproj", "{9CAB5361-A51B-4E28-BC14-42233113E5C4}"
EndProject
Project("{FAE04EC0-301F-11D3-BF4B-00C04F79EFBC}") = "BlazorCrudDemo.Web", "BlazorCrudDemo.Web\BlazorCrudDemo.Web.csproj", "{456C2403-6EFE-4841-BF50-A6DBDF6E982E}"
EndProject
Project("{FAE04EC0-301F-11D3-BF4B-00C04F79EFBC}") = "BlazorCrudDemo.Tests", "BlazorCrudDemo.Tests\BlazorCrudDemo.Tests.csproj", "{2C752867-F108-49A6-8707-17A374A71C87}"
EndProject
Global
	GlobalSection(SolutionConfigurationPlatforms) = preSolution
		Debug|Any CPU = Debug|Any CPU
		Release|Any CPU = Release|Any CPU
	EndGlobalSection
	GlobalSection(SolutionProperties) = preSolution
		HideSolutionNode = FALSE
	EndGlobalSection
	GlobalSection(ProjectConfigurationPlatforms) = postSolution
		{F842BB45-BBF3-4E10-84B6-648C60EEFE5F}.Debug|Any CPU.ActiveCfg = Debug|Any CPU
		{F842BB45-BBF3-4E10-84B6-648C60EEFE5F}.Debug|Any CPU.Build.0 = Debug|Any CPU
		{F842BB45-BBF3-4E10-84B6-648C60EEFE5F}.Release|Any CPU.ActiveCfg = Release|Any CPU
		{F842BB45-BBF3-4E10-84B6-648C60EEFE5F}.Release|Any CPU.Build.0 = Release|Any CPU
		{9CAB5361-A51B-4E28-BC14-42233113E5C4}.Debug|Any CPU.ActiveCfg = Debug|Any CPU
		{9CAB5361-A51B-4E28-BC14-42233113E5C4}.Debug|Any CPU.Build.0 = Debug|Any CPU
		{9CAB5361-A51B-4E28-BC14-42233113E5C4}.Release|Any CPU.ActiveCfg = Release|Any CPU
		{9CAB5361-A51B-4E28-BC14-42233113E5C4}.Release|Any CPU.Build.0 = Release|Any CPU
		{456C2403-6EFE-4841-BF50-A6DBDF6E982E}.Debug|Any CPU.ActiveCfg = Debug|Any CPU
		{456C2403-6EFE-4841-BF50-A6DBDF6E982E}.Debug|Any CPU.Build.0 = Debug|Any CPU
		{456C2403-6EFE-4841-BF50-A6DBDF6E982E}.Release|Any CPU.ActiveCfg = Release|Any CPU
		{456C2403-6EFE-4841-BF50-A6DBDF6E982E}.Release|Any CPU.Build.0 = Release|Any CPU
		{2C752867-F108-49A6-8707-17A374A71C87}.Debug|Any CPU.ActiveCfg = Debug|Any CPU
		{2C752867-F108-49A6-8707-17A374A71C87}.Debug|Any CPU.Build.0 = Debug|Any CPU
		{2C752867-F108-49A6-8707-17A374A71C87}.Release|Any CPU.ActiveCfg = Release|Any CPU
		{2C752867-F108-49A6-8707-17A374A71C87}.Release|Any CPU.Build.0 = Release|Any CPU
	EndGlobalSection
EndGlobal
